{
    "_meta": {
        "hash": {
            "sha256": "4b6d44edff16cca9a118e19ec1baed73ac91da86b2c28dd2484e604f244b19b3"
        },
        "pipfile-spec": 6,
        "requires": {
            "python_version": "3.7"
        },
        "sources": [
            {
                "name": "pypi",
                "url": "https://pypi.org/simple",
                "verify_ssl": true
            }
        ]
    },
    "default": {
        "attrdict": {
            "hashes": [
                "sha256:35c90698b55c683946091177177a9e9c0713a0860f0e049febd72649ccd77b70",
                "sha256:9432e3498c74ff7e1b20b3d93b45d766b71cbffa90923496f82c4ae38b92be34"
            ],
            "index": "pypi",
            "version": "==2.0.1"
        },
        "certifi": {
            "hashes": [
                "sha256:5930595817496dd21bb8dc35dad090f1c2cd0adfaf21204bf6732ca5d8ee34d3",
                "sha256:8fc0819f1f30ba15bdb34cceffb9ef04d99f420f68eb75d901e9560b8749fc41"
            ],
            "version": "==2020.6.20"
        },
        "cycler": {
            "hashes": [
                "sha256:1d8a5ae1ff6c5cf9b93e8811e581232ad8920aeec647c37316ceac982b08cb2d",
                "sha256:cd7b2d1018258d7247a71425e9f26463dfb444d411c39569972f4ce586b0c9d8"
            ],
            "version": "==0.10.0"
        },
        "decorator": {
            "hashes": [
                "sha256:41fa54c2a0cc4ba648be4fd43cff00aedf5b9465c9bf18d64325bc225f08f760",
                "sha256:e3a62f0520172440ca0dcc823749319382e377f37f140a0b99ef45fecb84bfe7"
            ],
            "version": "==4.4.2"
        },
        "gitdb": {
            "hashes": [
                "sha256:91f36bfb1ab7949b3b40e23736db18231bf7593edada2ba5c3a174a7b23657ac",
                "sha256:c9e1f2d0db7ddb9a704c2a0217be31214e91a4fe1dea1efad19ae42ba0c285c9"
            ],
            "markers": "python_version >= '3.4'",
            "version": "==4.0.5"
        },
        "gitpython": {
            "hashes": [
                "sha256:6eea89b655917b500437e9668e4a12eabdcf00229a0df1762aabd692ef9b746b",
                "sha256:befa4d101f91bad1b632df4308ec64555db684c360bd7d2130b4807d49ce86b8"
            ],
            "index": "pypi",
            "version": "==3.1.11"
        },
        "imageio": {
            "hashes": [
                "sha256:3604d751f03002e8e0e7650aa71d8d9148144a87daf17cb1f3228e80747f2e6b",
                "sha256:52ddbaeca2dccf53ba2d6dec5676ca7bc3b2403ef8b37f7da78b7654bb3e10f0"
            ],
            "version": "==2.9.0"
        },
        "kiwisolver": {
            "hashes": [
                "sha256:03662cbd3e6729f341a97dd2690b271e51a67a68322affab12a5b011344b973c",
                "sha256:18d749f3e56c0480dccd1714230da0f328e6e4accf188dd4e6884bdd06bf02dd",
                "sha256:247800260cd38160c362d211dcaf4ed0f7816afb5efe56544748b21d6ad6d17f",
                "sha256:38d05c9ecb24eee1246391820ed7137ac42a50209c203c908154782fced90e44",
                "sha256:443c2320520eda0a5b930b2725b26f6175ca4453c61f739fef7a5847bd262f74",
                "sha256:4eadb361baf3069f278b055e3bb53fa189cea2fd02cb2c353b7a99ebb4477ef1",
                "sha256:556da0a5f60f6486ec4969abbc1dd83cf9b5c2deadc8288508e55c0f5f87d29c",
                "sha256:603162139684ee56bcd57acc74035fceed7dd8d732f38c0959c8bd157f913fec",
                "sha256:60a78858580761fe611d22127868f3dc9f98871e6fdf0a15cc4203ed9ba6179b",
                "sha256:63f55f490b958b6299e4e5bdac66ac988c3d11b7fafa522800359075d4fa56d1",
                "sha256:7cc095a4661bdd8a5742aaf7c10ea9fac142d76ff1770a0f84394038126d8fc7",
                "sha256:be046da49fbc3aa9491cc7296db7e8d27bcf0c3d5d1a40259c10471b014e4e0c",
                "sha256:c31bc3c8e903d60a1ea31a754c72559398d91b5929fcb329b1c3a3d3f6e72113",
                "sha256:c955791d80e464da3b471ab41eb65cf5a40c15ce9b001fdc5bbc241170de58ec",
                "sha256:d069ef4b20b1e6b19f790d00097a5d5d2c50871b66d10075dab78938dc2ee2cf",
                "sha256:d52b989dc23cdaa92582ceb4af8d5bcc94d74b2c3e64cd6785558ec6a879793e",
                "sha256:e586b28354d7b6584d8973656a7954b1c69c93f708c0c07b77884f91640b7657",
                "sha256:efcf3397ae1e3c3a4a0a0636542bcad5adad3b1dd3e8e629d0b6e201347176c8",
                "sha256:fccefc0d36a38c57b7bd233a9b485e2f1eb71903ca7ad7adacad6c28a56d62d2"
            ],
            "markers": "python_version >= '3.6'",
            "version": "==1.2.0"
        },
        "matplotlib": {
            "hashes": [
                "sha256:06866c138d81a593b535d037b2727bec9b0818cadfe6a81f6ec5715b8dd38a89",
                "sha256:16b241c3d17be786966495229714de37de04472da472277869b8d5b456a8df00",
                "sha256:27f9de4784ae6fb97679556c5542cf36c0751dccb4d6407f7c62517fa2078868",
                "sha256:2f5eefc17dc2a71318d5a3496313be5c351c0731e8c4c6182c9ac3782cfc4076",
                "sha256:371518c769d84af8ec9b7dcb871ac44f7a67ef126dd3a15c88c25458e6b6d205",
                "sha256:3d2edbf59367f03cd9daf42939ca06383a7d7803e3993eb5ff1bee8e8a3fbb6b",
                "sha256:3fb0409754b26f48045bacd6818e44e38ca9338089f8ba689e2f9344ff2847c7",
                "sha256:548cfe81476dbac44db96e9c0b074b6fb333b4d1f12b1ae68dbed47e45166384",
                "sha256:57be9e21073fc367237b03ecac0d9e4b8ddbe38e86ec4a316857d8d93ac9286c",
                "sha256:5ccecb5f78b51b885f0028b646786889f49c54883e554fca41a2a05998063f23",
                "sha256:69cf76d673682140f46c6cb5e073332c1f1b2853c748dc1cb04f7d00023567f7",
                "sha256:793e061054662aa27acaff9201cdd510a698541c6e8659eeceb31d66c16facc6",
                "sha256:799c421bc245a0749c1515b6dea6dc02db0a8c1f42446a0f03b3b82a60a900dc",
                "sha256:8bc1d3284dee001f41ec98f59675f4d723683e1cc082830b440b5f081d8e0ade",
                "sha256:a522de31e07ed7d6f954cda3fbd5ca4b8edbfc592a821a7b00291be6f843292e",
                "sha256:be2f0ec62e0939a9dcfd3638c140c5a74fc929ee3fd1f31408ab8633db6e1523",
                "sha256:c5d0c2ae3e3ed4e9f46b7c03b40d443601012ffe8eb8dfbb2bd6b2d00509f797",
                "sha256:f0268613073df055bcc6a490de733012f2cf4fe191c1adb74e41cec8add1a165"
            ],
            "index": "pypi",
            "version": "==3.3.2"
        },
        "networkx": {
            "hashes": [
                "sha256:7978955423fbc9639c10498878be59caf99b44dc304c2286162fd24b458c1602",
                "sha256:8c5812e9f798d37c50570d15c4a69d5710a18d77bafc903ee9c5fba7454c616c"
            ],
            "markers": "python_version >= '3.6'",
            "version": "==2.5"
        },
        "numpy": {
            "hashes": [
                "sha256:04c7d4ebc5ff93d9822075ddb1751ff392a4375e5885299445fcebf877f179d5",
                "sha256:0bfd85053d1e9f60234f28f63d4a5147ada7f432943c113a11afcf3e65d9d4c8",
                "sha256:0c66da1d202c52051625e55a249da35b31f65a81cb56e4c69af0dfb8fb0125bf",
                "sha256:0d310730e1e793527065ad7dde736197b705d0e4c9999775f212b03c44a8484c",
                "sha256:1669ec8e42f169ff715a904c9b2105b6640f3f2a4c4c2cb4920ae8b2785dac65",
                "sha256:2117536e968abb7357d34d754e3733b0d7113d4c9f1d921f21a3d96dec5ff716",
                "sha256:3733640466733441295b0d6d3dcbf8e1ffa7e897d4d82903169529fd3386919a",
                "sha256:4339741994c775396e1a274dba3609c69ab0f16056c1077f18979bec2a2c2e6e",
                "sha256:51ee93e1fac3fe08ef54ff1c7f329db64d8a9c5557e6c8e908be9497ac76374b",
                "sha256:54045b198aebf41bf6bf4088012777c1d11703bf74461d70cd350c0af2182e45",
                "sha256:58d66a6b3b55178a1f8a5fe98df26ace76260a70de694d99577ddeab7eaa9a9d",
                "sha256:59f3d687faea7a4f7f93bd9665e5b102f32f3fa28514f15b126f099b7997203d",
                "sha256:62139af94728d22350a571b7c82795b9d59be77fc162414ada6c8b6a10ef5d02",
                "sha256:7118f0a9f2f617f921ec7d278d981244ba83c85eea197be7c5a4f84af80a9c3c",
                "sha256:7c6646314291d8f5ea900a7ea9c4261f834b5b62159ba2abe3836f4fa6705526",
                "sha256:967c92435f0b3ba37a4257c48b8715b76741410467e2bdb1097e8391fccfae15",
                "sha256:9a3001248b9231ed73894c773142658bab914645261275f675d86c290c37f66d",
                "sha256:aba1d5daf1144b956bc87ffb87966791f5e9f3e1f6fab3d7f581db1f5b598f7a",
                "sha256:addaa551b298052c16885fc70408d3848d4e2e7352de4e7a1e13e691abc734c1",
                "sha256:b594f76771bc7fc8a044c5ba303427ee67c17a09b36e1fa32bde82f5c419d17a",
                "sha256:c35a01777f81e7333bcf276b605f39c872e28295441c265cd0c860f4b40148c1",
                "sha256:cebd4f4e64cfe87f2039e4725781f6326a61f095bc77b3716502bed812b385a9",
                "sha256:d526fa58ae4aead839161535d59ea9565863bb0b0bdb3cc63214613fb16aced4",
                "sha256:d7ac33585e1f09e7345aa902c281bd777fdb792432d27fca857f39b70e5dd31c",
                "sha256:e6ddbdc5113628f15de7e4911c02aed74a4ccff531842c583e5032f6e5a179bd",
                "sha256:eb25c381d168daf351147713f49c626030dcff7a393d5caa62515d415a6071d8"
            ],
            "index": "pypi",
            "version": "==1.19.2"
        },
        "pillow": {
            "hashes": [
                "sha256:006de60d7580d81f4a1a7e9f0173dc90a932e3905cc4d47ea909bc946302311a",
                "sha256:0a2e8d03787ec7ad71dc18aec9367c946ef8ef50e1e78c71f743bc3a770f9fae",
                "sha256:0eeeae397e5a79dc088d8297a4c2c6f901f8fb30db47795113a4a605d0f1e5ce",
                "sha256:11c5c6e9b02c9dac08af04f093eb5a2f84857df70a7d4a6a6ad461aca803fb9e",
                "sha256:2fb113757a369a6cdb189f8df3226e995acfed0a8919a72416626af1a0a71140",
                "sha256:4b0ef2470c4979e345e4e0cc1bbac65fda11d0d7b789dbac035e4c6ce3f98adb",
                "sha256:59e903ca800c8cfd1ebe482349ec7c35687b95e98cefae213e271c8c7fffa021",
                "sha256:5abd653a23c35d980b332bc0431d39663b1709d64142e3652890df4c9b6970f6",
                "sha256:5f9403af9c790cc18411ea398a6950ee2def2a830ad0cfe6dc9122e6d528b302",
                "sha256:6b4a8fd632b4ebee28282a9fef4c341835a1aa8671e2770b6f89adc8e8c2703c",
                "sha256:6c1aca8231625115104a06e4389fcd9ec88f0c9befbabd80dc206c35561be271",
                "sha256:795e91a60f291e75de2e20e6bdd67770f793c8605b553cb6e4387ce0cb302e09",
                "sha256:7ba0ba61252ab23052e642abdb17fd08fdcfdbbf3b74c969a30c58ac1ade7cd3",
                "sha256:7c9401e68730d6c4245b8e361d3d13e1035cbc94db86b49dc7da8bec235d0015",
                "sha256:81f812d8f5e8a09b246515fac141e9d10113229bc33ea073fec11403b016bcf3",
                "sha256:895d54c0ddc78a478c80f9c438579ac15f3e27bf442c2a9aa74d41d0e4d12544",
                "sha256:8de332053707c80963b589b22f8e0229f1be1f3ca862a932c1bcd48dafb18dd8",
                "sha256:92c882b70a40c79de9f5294dc99390671e07fc0b0113d472cbea3fde15db1792",
                "sha256:95edb1ed513e68bddc2aee3de66ceaf743590bf16c023fb9977adc4be15bd3f0",
                "sha256:b63d4ff734263ae4ce6593798bcfee6dbfb00523c82753a3a03cbc05555a9cc3",
                "sha256:bd7bf289e05470b1bc74889d1466d9ad4a56d201f24397557b6f65c24a6844b8",
                "sha256:cc3ea6b23954da84dbee8025c616040d9aa5eaf34ea6895a0a762ee9d3e12e11",
                "sha256:cc9ec588c6ef3a1325fa032ec14d97b7309db493782ea8c304666fb10c3bd9a7",
                "sha256:d3d07c86d4efa1facdf32aa878bd508c0dc4f87c48125cc16b937baa4e5b5e11",
                "sha256:d8a96747df78cda35980905bf26e72960cba6d355ace4780d4bdde3b217cdf1e",
                "sha256:e38d58d9138ef972fceb7aeec4be02e3f01d383723965bfcef14d174c8ccd039",
                "sha256:eb472586374dc66b31e36e14720747595c2b265ae962987261f044e5cce644b5",
                "sha256:fbd922f702582cb0d71ef94442bfca57624352622d75e3be7a1e7e9360b07e72"
            ],
            "markers": "python_version >= '3.6'",
            "version": "==8.0.1"
        },
        "pyparsing": {
            "hashes": [
                "sha256:c203ec8783bf771a155b207279b9bccb8dea02d8f0c9e5f8ead507bc3246ecc1",
                "sha256:ef9d7589ef3c200abe66653d3f1ab1033c3c419ae9b9bdb1240a85b024efc88b"
            ],
            "markers": "python_version >= '2.6' and python_version not in '3.0, 3.1, 3.2, 3.3'",
            "version": "==2.4.7"
        },
        "pyqt5": {
            "hashes": [
                "sha256:17a6d5258796bae16e447aa3efa00258425c09cf88ef68238762628a5dde7c6f",
                "sha256:4e47021c2b8e89a3bc64247dfb224144e5c8d77e3ab44f3842d120aab6b3cbd4",
                "sha256:b1ea7e82004dc7b311d1e29df2f276461016e2d180e10c73805ace4376125ed9",
                "sha256:b9e7cc3ec69f80834f3f7507478c77e4d42411d5e9e557350e61b2660d12abc2",
                "sha256:d9a76b850246d08da9863189ecb98f6c2aa9b4d97a3e85e29330a264aed0f9a1"
            ],
            "index": "pypi",
            "version": "==5.15.1"
        },
        "pyqt5-sip": {
            "hashes": [
                "sha256:0304ca9114b9817a270f67f421355075b78ff9fc25ac58ffd72c2601109d2194",
                "sha256:0cd969be528c27bbd4755bd323dff4a79a8fdda28215364e6ce3e069cb56c2a9",
                "sha256:2f35e82fd7ec1e1f6716e9154721c7594956a4f5bd4f826d8c6a6453833cc2f0",
                "sha256:30e944db9abee9cc757aea16906d4198129558533eb7fadbe48c5da2bd18e0bd",
                "sha256:34dcd29be47553d5f016ff86e89e24cbc5eebae92eb2f96fb32d2d7ba028c43c",
                "sha256:5a011aeff89660622a6d5c3388d55a9d76932f3b82c95e82fc31abd8b1d2990d",
                "sha256:6c1ebee60f1d2b3c70aff866b7933d8d8d7646011f7c32f9321ee88c290aa4f9",
                "sha256:7b81382ce188d63890a0e35abe0f9bb946cabc873a31873b73583b0fc84ac115",
                "sha256:832fd60a264de4134c2824d393320838f3ab648180c9c357ec58a74524d24507",
                "sha256:84ba7746762bd223bed22428e8561aa267a229c28344c2d28c5d5d3f8970cffb",
                "sha256:9312ec47cac4e33c11503bc1cbeeb0bdae619620472f38e2078c5a51020a930f",
                "sha256:a1b8ef013086e224b8e86c93f880f776d01b59195bdfa2a8e0b23f0480678fec",
                "sha256:a29e2ac399429d3b7738f73e9081e50783e61ac5d29344e0802d0dcd6056c5a2",
                "sha256:b6d42250baec52a5f77de64e2951d001c5501c3a2df2179f625b241cbaec3369",
                "sha256:bb5a87b66fc1445915104ee97f7a20a69decb42f52803e3b0795fa17ff88226c",
                "sha256:c317ab1263e6417c498b81f5c970a9b1af7acefab1f80b4cc0f2f8e661f29fc5",
                "sha256:c9800729badcb247765e4ffe2241549d02da1fa435b9db224845bc37c3e99cb0",
                "sha256:c9d6d448c29dc6606bb7974696608f81f4316c8234f7c7216396ed110075e777",
                "sha256:da9c9f1e65b9d09e73bd75befc82961b6b61b5a3b9d0a7c832168e1415f163c6",
                "sha256:ed897c58acf4a3cdca61469daa31fe6e44c33c6c06a37c3f21fab31780b3b86a",
                "sha256:f168f0a7f32b81bfeffdf003c36f25d81c97dee5eb67072a5183e761fe250f13"
            ],
            "markers": "python_version >= '3.5'",
            "version": "==12.8.1"
        },
        "python-dateutil": {
            "hashes": [
                "sha256:73ebfe9dbf22e832286dafa60473e4cd239f8592f699aa5adaf10050e6e1823c",
                "sha256:75bb3f31ea686f1197762692a9ee6a7550b59fc6ca3a1f4b5d7e32fb98e2da2a"
            ],
            "markers": "python_version >= '2.7' and python_version not in '3.0, 3.1, 3.2, 3.3'",
            "version": "==2.8.1"
        },
        "pywavelets": {
            "hashes": [
                "sha256:076ca8907001fdfe4205484f719d12b4a0262dfe6652fa1cfc3c5c362d14dc84",
                "sha256:18a51b3f9416a2ae6e9a35c4af32cf520dd7895f2b69714f4aa2f4342fca47f9",
                "sha256:1a64b40f6acb4ffbaccce0545d7fc641744f95351f62e4c6aaa40549326008c9",
                "sha256:2f7429eeb5bf9c7068002d0d7f094ed654c77a70ce5e6198737fd68ab85f8311",
                "sha256:35959c041ec014648575085a97b498eafbbaa824f86f6e4a59bfdef8a3fe6308",
                "sha256:39c74740718e420d38c78ca4498568fa57976d78d5096277358e0fa9629a7aea",
                "sha256:55e39ec848ceec13c9fa1598253ae9dd5c31d09dfd48059462860d2b908fb224",
                "sha256:6162dc0ae04669ea04b4b51420777b9ea2d30b0a9d02901b2a3b4d61d159c2e9",
                "sha256:68b5c33741d26c827074b3d8f0251de1c3019bb9567b8d303eb093c822ce28f1",
                "sha256:720dbcdd3d91c6dfead79c80bf8b00a1d8aa4e5d551dc528c6d5151e4efc3403",
                "sha256:7947e51ca05489b85928af52a34fe67022ab5b81d4ae32a4109a99e883a0635e",
                "sha256:79f5b54f9dc353e5ee47f0c3f02bebd2c899d49780633aa771fed43fa20b3149",
                "sha256:80b924edbc012ded8aa8b91cb2fd6207fb1a9a3a377beb4049b8a07445cec6f0",
                "sha256:889d4c5c5205a9c90118c1980df526857929841df33e4cd1ff1eff77c6817a65",
                "sha256:935ff247b8b78bdf77647fee962b1cc208c51a7b229db30b9ba5f6da3e675178",
                "sha256:98b2669c5af842a70cfab33a7043fcb5e7535a690a00cd251b44c9be0be418e5",
                "sha256:9e2528823ccf5a0a1d23262dfefe5034dce89cd84e4e124dc553dfcdf63ebb92",
                "sha256:bc5e87b72371da87c9bebc68e54882aada9c3114e640de180f62d5da95749cd3",
                "sha256:be105382961745f88d8196bba5a69ee2c4455d87ad2a2e5d1eed6bd7fda4d3fd",
                "sha256:c06d2e340c7bf8b9ec71da2284beab8519a3908eab031f4ea126e8ccfc3fd567",
                "sha256:c2a799e79cee81a862216c47e5623c97b95f1abee8dd1f9eed736df23fb653fb",
                "sha256:cfe79844526dd92e3ecc9490b5031fca5f8ab607e1e858feba232b1b788ff0ea",
                "sha256:d510aef84d9852653d079c84f2f81a82d5d09815e625f35c95714e7364570ad4",
                "sha256:e02a0558e0c2ac8b8bbe6a6ac18c136767ec56b96a321e0dfde2173adfa5a504"
            ],
            "markers": "python_version >= '3.5'",
            "version": "==1.1.1"
        },
        "scikit-image": {
            "hashes": [
                "sha256:113bcacdfc839854f527a166a71768708328208e7b66e491050d6a57fa6727c7",
                "sha256:11eec2e65cd4cd6487fe1089aa3538dbe25525aec7a36f5a0f14145df0163ce7",
                "sha256:178210582cc62a5b25c633966658f1f2598615f9c3f27f36cf45055d2a74b401",
                "sha256:1fda9109a19dc9d7a4ac152d1fc226fed7282ad186a099f14c0aa9151f0c758e",
                "sha256:6b65a103edbc34b22640daf3b084dc9e470c358d3298c10aa9e3b424dcc02db6",
                "sha256:7bedd3881ca4fea657a894815bcd5e5bf80944c26274f6b6417bb770c3f4f8e6",
                "sha256:86a834f9a4d30201c0803a48a25364fe8f93f9feb3c58f2c483d3ce0a3e5fe4a",
                "sha256:87ca5168c6fc36b7a298a1db2d185a8298f549854342020f282f747a4e4ddce9",
                "sha256:bd954c0588f0f7e81d9763dc95e06950e68247d540476e06cb77bcbcd8c2d8b3",
                "sha256:c0876e562991b0babff989ff4d00f35067a2ddef82e5fdd895862555ffbaec25",
                "sha256:c5c277704b12e702e34d1f7b7a04d5ee8418735f535d269c74c02c6c9f8abee2",
                "sha256:e99fa7514320011b250a21ab855fdd61ddcc05d3c77ec9e8f13edcc15d3296b5",
                "sha256:ee3db438b5b9f8716a91ab26a61377a8a63356b186706f5b979822cc7241006d"
            ],
            "index": "pypi",
            "version": "==0.17.2"
        },
        "scipy": {
            "hashes": [
                "sha256:07b083128beae040f1129bd8a82b01804f5e716a7fd2962c1053fa683433e4ab",
                "sha256:0edd67e8a00903aaf7a29c968555a2e27c5a69fea9d1dcfffda80614281a884f",
                "sha256:12fdcbfa56cac926a0a9364a30cbf4ad03c2c7b59f75b14234656a5e4fd52bf3",
                "sha256:1fee28b6641ecbff6e80fe7788e50f50c5576157d278fa40f36c851940eb0aff",
                "sha256:33e6a7439f43f37d4c1135bc95bcd490ffeac6ef4b374892c7005ce2c729cf4a",
                "sha256:5163200ab14fd2b83aba8f0c4ddcc1fa982a43192867264ab0f4c8065fd10d17",
                "sha256:66ec29348444ed6e8a14c9adc2de65e74a8fc526dc2c770741725464488ede1f",
                "sha256:8cc5c39ed287a8b52a5509cd6680af078a40b0e010e2657eca01ffbfec929468",
                "sha256:a1a13858b10d41beb0413c4378462b43eafef88a1948d286cb357eadc0aec024",
                "sha256:a3db1fe7c6cb29ca02b14c9141151ebafd11e06ffb6da8ecd330eee5c8283a8a",
                "sha256:aebb69bcdec209d874fc4b0c7ac36f509d50418a431c1422465fa34c2c0143ea",
                "sha256:b9751b39c52a3fa59312bd2e1f40144ee26b51404db5d2f0d5259c511ff6f614",
                "sha256:bc0e63daf43bf052aefbbd6c5424bc03f629d115ece828e87303a0bcc04a37e4",
                "sha256:d5e3cc60868f396b78fc881d2c76460febccfe90f6d2f082b9952265c79a8788",
                "sha256:ddae76784574cc4c172f3d5edd7308be16078dd3b977e8746860c76c195fa707",
                "sha256:e2602f79c85924e4486f684aa9bbab74afff90606100db88d0785a0088be7edb",
                "sha256:e527c9221b6494bcd06a17f9f16874406b32121385f9ab353b8a9545be458f0b",
                "sha256:f574558f1b774864516f3c3fe072ebc90a29186f49b720f60ed339294b7f32ac",
                "sha256:ffcbd331f1ffa82e22f1d408e93c37463c9a83088243158635baec61983aaacf"
            ],
            "markers": "python_version >= '3.6'",
            "version": "==1.5.3"
        },
        "six": {
            "hashes": [
                "sha256:30639c035cdb23534cd4aa2dd52c3bf48f06e5f4a941509c8bafd8ce11080259",
                "sha256:8b74bedcbbbaca38ff6d7491d76f2b06b3592611af620f8426e82dddb04a5ced"
            ],
            "markers": "python_version >= '2.7' and python_version not in '3.0, 3.1, 3.2, 3.3'",
            "version": "==1.15.0"
        },
        "smmap": {
            "hashes": [
                "sha256:54c44c197c819d5ef1991799a7e30b662d1e520f2ac75c9efbeb54a742214cf4",
                "sha256:9c98bbd1f9786d22f14b3d4126894d56befb835ec90cef151af566c7e19b5d24"
            ],
            "markers": "python_version >= '2.7' and python_version not in '3.0, 3.1, 3.2, 3.3'",
            "version": "==3.0.4"
        },
        "tifffile": {
            "hashes": [
                "sha256:799feeccc91965b69e1288c51a1d1118faec7f40b2eb89ad2979591b85324830",
                "sha256:9611ac348b4db6844b6555db2b5f8f2be1715728a0011352acb55e0171ee2949"
            ],
            "markers": "python_version >= '3.7'",
            "version": "==2020.10.1"
        }
    },
    "develop": {}
}
